
Microsoft Visual Studio Solution File, Format Version 12.00
# Visual Studio Version 17
VisualStudioVersion = 17.2.32516.85
MinimumVisualStudioVersion = 10.0.40219.1
Project("{FAE04EC0-301F-11D3-BF4B-00C04F79EFBC}") = "Logger", "Logger\Logger.csproj", "{861A1CB1-9EAC-4874-90F1-59A01B003467}"
EndProject
Global
	GlobalSection(SolutionConfigurationPlatforms) = preSolution
		Debug|Any CPU = Debug|Any CPU
		Release|Any CPU = Release|Any CPU
	EndGlobalSection
	GlobalSection(ProjectConfigurationPlatforms) = postSolution
		{861A1CB1-9EAC-4874-90F1-59A01B003467}.Debug|Any CPU.ActiveCfg = Debug|Any CPU
		{861A1CB1-9EAC-4874-90F1-59A01B003467}.Debug|Any CPU.Build.0 = Debug|Any CPU
		{861A1CB1-9EAC-4874-90F1-59A01B003467}.Release|Any CPU.ActiveCfg = Release|Any CPU
		{861A1CB1-9EAC-4874-90F1-59A01B003467}.Release|Any CPU.Build.0 = Release|Any CPU
	EndGlobalSection
	GlobalSection(SolutionProperties) = preSolution
		HideSolutionNode = FALSE
	EndGlobalSection
	GlobalSection(ExtensibilityGlobals) = postSolution
		SolutionGuid = {C9F31E59-2BE0-4386-9BE6-03606263F4FB}
	EndGlobalSection
EndGlobal
